// !$*UTF8*$!
{
	archiveVersion = 1;
	classes = {
	};
	objectVersion = 50;
	objects = {

/* Begin PBXBuildFile section */
		DA18E4942657EAE200F5A0F8 /* Code_HistoryApp.swift in Sources */ = {isa = PBXBuildFile; fileRef = DA18E4932657EAE200F5A0F8 /* Code_HistoryApp.swift */; };
		DA18E4962657EAE200F5A0F8 /* GameView.swift in Sources */ = {isa = PBXBuildFile; fileRef = DA18E4952657EAE200F5A0F8 /* GameView.swift */; };
		DA18E4982657EAE400F5A0F8 /* Assets.xcassets in Resources */ = {isa = PBXBuildFile; fileRef = DA18E4972657EAE400F5A0F8 /* Assets.xcassets */; };
		DA18E49B2657EAE400F5A0F8 /* Preview Assets.xcassets in Resources */ = {isa = PBXBuildFile; fileRef = DA18E49A2657EAE400F5A0F8 /* Preview Assets.xcassets */; };
		DAC03309265AEC42000A02BA /* Question.swift in Sources */ = {isa = PBXBuildFile; fileRef = DAC03308265AEC42000A02BA /* Question.swift */; };
		DAC0330B265AEF02000A02BA /* ChoiceTextView.swift in Sources */ = {isa = PBXBuildFile; fileRef = DAC0330A265AEF02000A02BA /* ChoiceTextView.swift */; };
		DAC0330D265BC260000A02BA /* Game.swift in Sources */ = {isa = PBXBuildFile; fileRef = DAC0330C265BC260000A02BA /* Game.swift */; };
		DAC03332265BDE5E000A02BA /* WelcomeView.swift in Sources */ = {isa = PBXBuildFile; fileRef = DAC03331265BDE5E000A02BA /* WelcomeView.swift */; };
		DAC03334265BE199000A02BA /* GameColor.swift in Sources */ = {isa = PBXBuildFile; fileRef = DAC03333265BE199000A02BA /* GameColor.swift */; };
		DAC03336265BE340000A02BA /* BottomTextView.swift in Sources */ = {isa = PBXBuildFile; fileRef = DAC03335265BE340000A02BA /* BottomTextView.swift */; };
		DAC03339265BEBE3000A02BA /* GameViewModel.swift in Sources */ = {isa = PBXBuildFile; fileRef = DAC03338265BEBE3000A02BA /* GameViewModel.swift */; };
		DAC0333B265BED96000A02BA /* QuestionView.swift in Sources */ = {isa = PBXBuildFile; fileRef = DAC0333A265BED96000A02BA /* QuestionView.swift */; };
/* End PBXBuildFile section */

/* Begin PBXFileReference section */
		DA18E4902657EAE200F5A0F8 /* Code History.app */ = {isa = PBXFileReference; explicitFileType = wrapper.application; includeInIndex = 0; path = "Code History.app"; sourceTree = BUILT_PRODUCTS_DIR; };
		DA18E4932657EAE200F5A0F8 /* Code_HistoryApp.swift */ = {isa = PBXFileReference; lastKnownFileType = sourcecode.swift; path = Code_HistoryApp.swift; sourceTree = "<group>"; };
		DA18E4952657EAE200F5A0F8 /* GameView.swift */ = {isa = PBXFileReference; lastKnownFileType = sourcecode.swift; path = GameView.swift; sourceTree = "<group>"; };
		DA18E4972657EAE400F5A0F8 /* Assets.xcassets */ = {isa = PBXFileReference; lastKnownFileType = folder.assetcatalog; path = Assets.xcassets; sourceTree = "<group>"; };
		DA18E49A2657EAE400F5A0F8 /* Preview Assets.xcassets */ = {isa = PBXFileReference; lastKnownFileType = folder.assetcatalog; path = "Preview Assets.xcassets"; sourceTree = "<group>"; };
		DA18E49C2657EAE400F5A0F8 /* Info.plist */ = {isa = PBXFileReference; lastKnownFileType = text.plist.xml; path = Info.plist; sourceTree = "<group>"; };
		DAC03308265AEC42000A02BA /* Question.swift */ = {isa = PBXFileReference; lastKnownFileType = sourcecode.swift; path = Question.swift; sourceTree = "<group>"; };
		DAC0330A265AEF02000A02BA /* ChoiceTextView.swift */ = {isa = PBXFileReference; lastKnownFileType = sourcecode.swift; path = ChoiceTextView.swift; sourceTree = "<group>"; };
		DAC0330C265BC260000A02BA /* Game.swift */ = {isa = PBXFileReference; lastKnownFileType = sourcecode.swift; path = Game.swift; sourceTree = "<group>"; };
		DAC03331265BDE5E000A02BA /* WelcomeView.swift */ = {isa = PBXFileReference; lastKnownFileType = sourcecode.swift; path = WelcomeView.swift; sourceTree = "<group>"; };
		DAC03333265BE199000A02BA /* GameColor.swift */ = {isa = PBXFileReference; lastKnownFileType = sourcecode.swift; path = GameColor.swift; sourceTree = "<group>"; };
		DAC03335265BE340000A02BA /* BottomTextView.swift */ = {isa = PBXFileReference; lastKnownFileType = sourcecode.swift; path = BottomTextView.swift; sourceTree = "<group>"; };
		DAC03338265BEBE3000A02BA /* GameViewModel.swift */ = {isa = PBXFileReference; lastKnownFileType = sourcecode.swift; path = GameViewModel.swift; sourceTree = "<group>"; };
		DAC0333A265BED96000A02BA /* QuestionView.swift */ = {isa = PBXFileReference; lastKnownFileType = sourcecode.swift; path = QuestionView.swift; sourceTree = "<group>"; };
/* End PBXFileReference section */

/* Begin PBXFrameworksBuildPhase section */
		DA18E48D2657EAE200F5A0F8 /* Frameworks */ = {
			isa = PBXFrameworksBuildPhase;
			buildActionMask = 2147483647;
			files = (
			);
			runOnlyForDeploymentPostprocessing = 0;
		};
/* End PBXFrameworksBuildPhase section */

/* Begin PBXGroup section */
		DA18E4872657EAE200F5A0F8 = {
			isa = PBXGroup;
			children = (
				DA18E4922657EAE200F5A0F8 /* Code History */,
				DA18E4912657EAE200F5A0F8 /* Products */,
			);
			sourceTree = "<group>";
		};
		DA18E4912657EAE200F5A0F8 /* Products */ = {
			isa = PBXGroup;
			children = (
				DA18E4902657EAE200F5A0F8 /* Code History.app */,
			);
			name = Products;
			sourceTree = "<group>";
		};
		DA18E4922657EAE200F5A0F8 /* Code History */ = {
			isa = PBXGroup;
			children = (
				DAC03337265BEBC1000A02BA /* ViewModels */,
				DAC0330F265BC565000A02BA /* Views */,
				DAC0330E265BC554000A02BA /* Models */,
				DA18E4972657EAE400F5A0F8 /* Assets.xcassets */,
				DA18E4932657EAE200F5A0F8 /* Code_HistoryApp.swift */,
				DA18E49C2657EAE400F5A0F8 /* Info.plist */,
				DA18E4992657EAE400F5A0F8 /* Preview Content */,
				DAC03333265BE199000A02BA /* GameColor.swift */,
			);
			path = "Code History";
			sourceTree = "<group>";
		};
		DA18E4992657EAE400F5A0F8 /* Preview Content */ = {
			isa = PBXGroup;
			children = (
				DA18E49A2657EAE400F5A0F8 /* Preview Assets.xcassets */,
			);
			path = "Preview Content";
			sourceTree = "<group>";
		};
		DAC0330E265BC554000A02BA /* Models */ = {
			isa = PBXGroup;
			children = (
				DAC0330C265BC260000A02BA /* Game.swift */,
				DAC03308265AEC42000A02BA /* Question.swift */,
			);
			path = Models;
			sourceTree = "<group>";
		};
		DAC0330F265BC565000A02BA /* Views */ = {
			isa = PBXGroup;
			children = (
				DA18E4952657EAE200F5A0F8 /* GameView.swift */,
				DAC0330A265AEF02000A02BA /* ChoiceTextView.swift */,
				DAC03331265BDE5E000A02BA /* WelcomeView.swift */,
				DAC03335265BE340000A02BA /* BottomTextView.swift */,
				DAC0333A265BED96000A02BA /* QuestionView.swift */,
			);
			path = Views;
			sourceTree = "<group>";
		};
		DAC03337265BEBC1000A02BA /* ViewModels */ = {
			isa = PBXGroup;
			children = (
				DAC03338265BEBE3000A02BA /* GameViewModel.swift */,
			);
			path = ViewModels;
			sourceTree = "<group>";
		};
/* End PBXGroup section */

/* Begin PBXNativeTarget section */
		DA18E48F2657EAE200F5A0F8 /* Code History */ = {
			isa = PBXNativeTarget;
			buildConfigurationList = DA18E49F2657EAE400F5A0F8 /* Build configuration list for PBXNativeTarget "Code History" */;
			buildPhases = (
				DA18E48C2657EAE200F5A0F8 /* Sources */,
				DA18E48D2657EAE200F5A0F8 /* Frameworks */,
				DA18E48E2657EAE200F5A0F8 /* Resources */,
			);
			buildRules = (
			);
			dependencies = (
			);
			name = "Code History";
			productName = "Code History";
			productReference = DA18E4902657EAE200F5A0F8 /* Code History.app */;
			productType = "com.apple.product-type.application";
		};
/* End PBXNativeTarget section */

/* Begin PBXProject section */
		DA18E4882657EAE200F5A0F8 /* Project object */ = {
			isa = PBXProject;
			attributes = {
				LastSwiftUpdateCheck = 1250;
				LastUpgradeCheck = 1250;
				TargetAttributes = {
					DA18E48F2657EAE200F5A0F8 = {
						CreatedOnToolsVersion = 12.5;
					};
				};
			};
			buildConfigurationList = DA18E48B2657EAE200F5A0F8 /* Build configuration list for PBXProject "Code History" */;
			compatibilityVersion = "Xcode 9.3";
			developmentRegion = en;
			hasScannedForEncodings = 0;
			knownRegions = (
				en,
				Base,
			);
			mainGroup = DA18E4872657EAE200F5A0F8;
			productRefGroup = DA18E4912657EAE200F5A0F8 /* Products */;
			projectDirPath = "";
			projectRoot = "";
			targets = (
				DA18E48F2657EAE200F5A0F8 /* Code History */,
			);
		};
/* End PBXProject section */

/* Begin PBXResourcesBuildPhase section */
		DA18E48E2657EAE200F5A0F8 /* Resources */ = {
			isa = PBXResourcesBuildPhase;
			buildActionMask = 2147483647;
			files = (
				DA18E49B2657EAE400F5A0F8 /* Preview Assets.xcassets in Resources */,
				DA18E4982657EAE400F5A0F8 /* Assets.xcassets in Resources */,
			);
			runOnlyForDeploymentPostprocessing = 0;
		};
/* End PBXResourcesBuildPhase section */

/* Begin PBXSourcesBuildPhase section */
		DA18E48C2657EAE200F5A0F8 /* Sources */ = {
			isa = PBXSourcesBuildPhase;
			buildActionMask = 2147483647;
			files = (
				DAC0333B265BED96000A02BA /* QuestionView.swift in Sources */,
				DAC03339265BEBE3000A02BA /* GameViewModel.swift in Sources */,
				DAC03309265AEC42000A02BA /* Question.swift in Sources */,
				DAC03332265BDE5E000A02BA /* WelcomeView.swift in Sources */,
				DAC0330D265BC260000A02BA /* Game.swift in Sources */,
				DA18E4962657EAE200F5A0F8 /* GameView.swift in Sources */,
				DAC03336265BE340000A02BA /* BottomTextView.swift in Sources */,
				DAC03334265BE199000A02BA /* GameColor.swift in Sources */,
				DAC0330B265AEF02000A02BA /* ChoiceTextView.swift in Sources */,
				DA18E4942657EAE200F5A0F8 /* Code_HistoryApp.swift in Sources */,
			);
			runOnlyForDeploymentPostprocessing = 0;
		};
/* End PBXSourcesBuildPhase section */

/* Begin XCBuildConfiguration section */
		DA18E49D2657EAE400F5A0F8 /* Debug */ = {
			isa = XCBuildConfiguration;
			buildSettings = {
				ALWAYS_SEARCH_USER_PATHS = NO;
				CLANG_ANALYZER_NONNULL = YES;
				CLANG_ANALYZER_NUMBER_OBJECT_CONVERSION = YES_AGGRESSIVE;
				CLANG_CXX_LANGUAGE_STANDARD = "gnu++14";
				CLANG_CXX_LIBRARY = "libc++";
				CLANG_ENABLE_MODULES = YES;
				CLANG_ENABLE_OBJC_ARC = YES;
				CLANG_ENABLE_OBJC_WEAK = YES;
				CLANG_WARN_BLOCK_CAPTURE_AUTORELEASING = YES;
				CLANG_WARN_BOOL_CONVERSION = YES;
				CLANG_WARN_COMMA = YES;
				CLANG_WARN_CONSTANT_CONVERSION = YES;
				CLANG_WARN_DEPRECATED_OBJC_IMPLEMENTATIONS = YES;
				CLANG_WARN_DIRECT_OBJC_ISA_USAGE = YES_ERROR;
				CLANG_WARN_DOCUMENTATION_COMMENTS = YES;
				CLANG_WARN_EMPTY_BODY = YES;
				CLANG_WARN_ENUM_CONVERSION = YES;
				CLANG_WARN_INFINITE_RECURSION = YES;
				CLANG_WARN_INT_CONVERSION = YES;
				CLANG_WARN_NON_LITERAL_NULL_CONVERSION = YES;
				CLANG_WARN_OBJC_IMPLICIT_RETAIN_SELF = YES;
				CLANG_WARN_OBJC_LITERAL_CONVERSION = YES;
				CLANG_WARN_OBJC_ROOT_CLASS = YES_ERROR;
				CLANG_WARN_QUOTED_INCLUDE_IN_FRAMEWORK_HEADER = YES;
				CLANG_WARN_RANGE_LOOP_ANALYSIS = YES;
				CLANG_WARN_STRICT_PROTOTYPES = YES;
				CLANG_WARN_SUSPICIOUS_MOVE = YES;
				CLANG_WARN_UNGUARDED_AVAILABILITY = YES_AGGRESSIVE;
				CLANG_WARN_UNREACHABLE_CODE = YES;
				CLANG_WARN__DUPLICATE_METHOD_MATCH = YES;
				COPY_PHASE_STRIP = NO;
				DEBUG_INFORMATION_FORMAT = dwarf;
				ENABLE_STRICT_OBJC_MSGSEND = YES;
				ENABLE_TESTABILITY = YES;
				GCC_C_LANGUAGE_STANDARD = gnu11;
				GCC_DYNAMIC_NO_PIC = NO;
				GCC_NO_COMMON_BLOCKS = YES;
				GCC_OPTIMIZATION_LEVEL = 0;
				GCC_PREPROCESSOR_DEFINITIONS = (
					"DEBUG=1",
					"$(inherited)",
				);
				GCC_WARN_64_TO_32_BIT_CONVERSION = YES;
				GCC_WARN_ABOUT_RETURN_TYPE = YES_ERROR;
				GCC_WARN_UNDECLARED_SELECTOR = YES;
				GCC_WARN_UNINITIALIZED_AUTOS = YES_AGGRESSIVE;
				GCC_WARN_UNUSED_FUNCTION = YES;
				GCC_WARN_UNUSED_VARIABLE = YES;
				IPHONEOS_DEPLOYMENT_TARGET = 14.5;
				MTL_ENABLE_DEBUG_INFO = INCLUDE_SOURCE;
				MTL_FAST_MATH = YES;
				ONLY_ACTIVE_ARCH = YES;
				SDKROOT = iphoneos;
				SWIFT_ACTIVE_COMPILATION_CONDITIONS = DEBUG;
				SWIFT_OPTIMIZATION_LEVEL = "-Onone";
			};
			name = Debug;
		};
		DA18E49E2657EAE400F5A0F8 /* Release */ = {
			isa = XCBuildConfiguration;
			buildSettings = {
				ALWAYS_SEARCH_USER_PATHS = NO;
				CLANG_ANALYZER_NONNULL = YES;
				CLANG_ANALYZER_NUMBER_OBJECT_CONVERSION = YES_AGGRESSIVE;
				CLANG_CXX_LANGUAGE_STANDARD = "gnu++14";
				CLANG_CXX_LIBRARY = "libc++";
				CLANG_ENABLE_MODULES = YES;
				CLANG_ENABLE_OBJC_ARC = YES;
				CLANG_ENABLE_OBJC_WEAK = YES;
				CLANG_WARN_BLOCK_CAPTURE_AUTORELEASING = YES;
				CLANG_WARN_BOOL_CONVERSION = YES;
				CLANG_WARN_COMMA = YES;
				CLANG_WARN_CONSTANT_CONVERSION = YES;
				CLANG_WARN_DEPRECATED_OBJC_IMPLEMENTATIONS = YES;
				CLANG_WARN_DIRECT_OBJC_ISA_USAGE = YES_ERROR;
				CLANG_WARN_DOCUMENTATION_COMMENTS = YES;
				CLANG_WARN_EMPTY_BODY = YES;
				CLANG_WARN_ENUM_CONVERSION = YES;
				CLANG_WARN_INFINITE_RECURSION = YES;
				CLANG_WARN_INT_CONVERSION = YES;
				CLANG_WARN_NON_LITERAL_NULL_CONVERSION = YES;
				CLANG_WARN_OBJC_IMPLICIT_RETAIN_SELF = YES;
				CLANG_WARN_OBJC_LITERAL_CONVERSION = YES;
				CLANG_WARN_OBJC_ROOT_CLASS = YES_ERROR;
				CLANG_WARN_QUOTED_INCLUDE_IN_FRAMEWORK_HEADER = YES;
				CLANG_WARN_RANGE_LOOP_ANALYSIS = YES;
				CLANG_WARN_STRICT_PROTOTYPES = YES;
				CLANG_WARN_SUSPICIOUS_MOVE = YES;
				CLANG_WARN_UNGUARDED_AVAILABILITY = YES_AGGRESSIVE;
				CLANG_WARN_UNREACHABLE_CODE = YES;
				CLANG_WARN__DUPLICATE_METHOD_MATCH = YES;
				COPY_PHASE_STRIP = NO;
				DEBUG_INFORMATION_FORMAT = "dwarf-with-dsym";
				ENABLE_NS_ASSERTIONS = NO;
				ENABLE_STRICT_OBJC_MSGSEND = YES;
				GCC_C_LANGUAGE_STANDARD = gnu11;
				GCC_NO_COMMON_BLOCKS = YES;
				GCC_WARN_64_TO_32_BIT_CONVERSION = YES;
				GCC_WARN_ABOUT_RETURN_TYPE = YES_ERROR;
				GCC_WARN_UNDECLARED_SELECTOR = YES;
				GCC_WARN_UNINITIALIZED_AUTOS = YES_AGGRESSIVE;
				GCC_WARN_UNUSED_FUNCTION = YES;
				GCC_WARN_UNUSED_VARIABLE = YES;
				IPHONEOS_DEPLOYMENT_TARGET = 14.5;
				MTL_ENABLE_DEBUG_INFO = NO;
				MTL_FAST_MATH = YES;
				SDKROOT = iphoneos;
				SWIFT_COMPILATION_MODE = wholemodule;
				SWIFT_OPTIMIZATION_LEVEL = "-O";
				VALIDATE_PRODUCT = YES;
			};
			name = Release;
		};
		DA18E4A02657EAE400F5A0F8 /* Debug */ = {
			isa = XCBuildConfiguration;
			buildSettings = {
				ASSETCATALOG_COMPILER_APPICON_NAME = AppIcon;
				ASSETCATALOG_COMPILER_GLOBAL_ACCENT_COLOR_NAME = AccentColor;
				CODE_SIGN_STYLE = Automatic;
				DEVELOPMENT_ASSET_PATHS = "\"Code History/Preview Content\"";
				ENABLE_PREVIEWS = YES;
				INFOPLIST_FILE = "Code History/Info.plist";
				IPHONEOS_DEPLOYMENT_TARGET = 14.0;
				LD_RUNPATH_SEARCH_PATHS = (
					"$(inherited)",
					"@executable_path/Frameworks",
				);
				PRODUCT_BUNDLE_IDENTIFIER = "com.mat.Code-History";
				PRODUCT_NAME = "$(TARGET_NAME)";
				SWIFT_VERSION = 5.0;
				TARGETED_DEVICE_FAMILY = "1,2";
			};
			name = Debug;
		};
		DA18E4A12657EAE400F5A0F8 /* Release */ = {
			isa = XCBuildConfiguration;
			buildSettings = {
				ASSETCATALOG_COMPILER_APPICON_NAME = AppIcon;
				ASSETCATALOG_COMPILER_GLOBAL_ACCENT_COLOR_NAME = AccentColor;
				CODE_SIGN_STYLE = Automatic;
				DEVELOPMENT_ASSET_PATHS = "\"Code History/Preview Content\"";
				ENABLE_PREVIEWS = YES;
				INFOPLIST_FILE = "Code History/Info.plist";
				IPHONEOS_DEPLOYMENT_TARGET = 14.0;
				LD_RUNPATH_SEARCH_PATHS = (
					"$(inherited)",
					"@executable_path/Frameworks",
				);
				PRODUCT_BUNDLE_IDENTIFIER = "com.mat.Code-History";
				PRODUCT_NAME = "$(TARGET_NAME)";
				SWIFT_VERSION = 5.0;
				TARGETED_DEVICE_FAMILY = "1,2";
			};
			name = Release;
		};
/* End XCBuildConfiguration section */

/* Begin XCConfigurationList section */
		DA18E48B2657EAE200F5A0F8 /* Build configuration list for PBXProject "Code History" */ = {
			isa = XCConfigurationList;
			buildConfigurations = (
				DA18E49D2657EAE400F5A0F8 /* Debug */,
				DA18E49E2657EAE400F5A0F8 /* Release */,
			);
			defaultConfigurationIsVisible = 0;
			defaultConfigurationName = Release;
		};
		DA18E49F2657EAE400F5A0F8 /* Build configuration list for PBXNativeTarget "Code History" */ = {
			isa = XCConfigurationList;
			buildConfigurations = (
				DA18E4A02657EAE400F5A0F8 /* Debug */,
				DA18E4A12657EAE400F5A0F8 /* Release */,
			);
			defaultConfigurationIsVisible = 0;
			defaultConfigurationName = Release;
		};
/* End XCConfigurationList section */
	};
	rootObject = DA18E4882657EAE200F5A0F8 /* Project object */;
}
